
Microsoft Visual Studio Solution File, Format Version 12.00
# Visual Studio Version 17
VisualStudioVersion = 17.3.32825.248
MinimumVisualStudioVersion = 10.0.40219.1
Project("{C2A614B1-54BA-4DA7-8D94-64E045E43DD9}") = "Harp.Olfactometer", "Harp.Olfactometer\Harp.Olfactometer.csproj", "{7D6292AD-E4C4-426F-90CE-DC537E404363}"
EndProject
Global
	GlobalSection(SolutionConfigurationPlatforms) = preSolution
		Debug|Any CPU = Debug|Any CPU
		Release|Any CPU = Release|Any CPU
	EndGlobalSection
	GlobalSection(ProjectConfigurationPlatforms) = postSolution
		{7D6292AD-E4C4-426F-90CE-DC537E404363}.Debug|Any CPU.ActiveCfg = Debug|Any CPU
		{7D6292AD-E4C4-426F-90CE-DC537E404363}.Debug|Any CPU.Build.0 = Debug|Any CPU
		{7D6292AD-E4C4-426F-90CE-DC537E404363}.Release|Any CPU.ActiveCfg = Release|Any CPU
		{7D6292AD-E4C4-426F-90CE-DC537E404363}.Release|Any CPU.Build.0 = Release|Any CPU
	EndGlobalSection
	GlobalSection(SolutionProperties) = preSolution
		HideSolutionNode = FALSE
	EndGlobalSection
	GlobalSection(ExtensibilityGlobals) = postSolution
		SolutionGuid = {4D88C224-E237-4785-BB20-90D997606EE4}
	EndGlobalSection
EndGlobal
